
Microsoft Visual Studio Solution File, Format Version 12.00
# Visual Studio Version 16
VisualStudioVersion = 16.0.30104.148
MinimumVisualStudioVersion = 10.0.40219.1
Project("{FAE04EC0-301F-11D3-BF4B-00C04F79EFBC}") = "RTCLib.NET", "RTCLib.NET.csproj", "{A7A95C58-B794-4345-84A5-F676DE4E4AC9}"
EndProject
Global
	GlobalSection(SolutionConfigurationPlatforms) = preSolution
		Debug|Any CPU = Debug|Any CPU
		Release|Any CPU = Release|Any CPU
	EndGlobalSection
	GlobalSection(ProjectConfigurationPlatforms) = postSolution
		{A7A95C58-B794-4345-84A5-F676DE4E4AC9}.Debug|Any CPU.ActiveCfg = Debug|Any CPU
		{A7A95C58-B794-4345-84A5-F676DE4E4AC9}.Debug|Any CPU.Build.0 = Debug|Any CPU
		{A7A95C58-B794-4345-84A5-F676DE4E4AC9}.Release|Any CPU.ActiveCfg = Release|Any CPU
		{A7A95C58-B794-4345-84A5-F676DE4E4AC9}.Release|Any CPU.Build.0 = Release|Any CPU
	EndGlobalSection
	GlobalSection(SolutionProperties) = preSolution
		HideSolutionNode = FALSE
	EndGlobalSection
	GlobalSection(ExtensibilityGlobals) = postSolution
		SolutionGuid = {6BDA769D-4392-42D1-B206-7EC55CA6F613}
	EndGlobalSection
EndGlobal
